// !$*UTF8*$!
{
	archiveVersion = 1;
	classes = {
	};
	objectVersion = 56;
	objects = {

/* Begin PBXBuildFile section */
		9E1A8EE12B2AF43C00142756 /* SettingsViewController.swift in Sources */ = {isa = PBXBuildFile; fileRef = 9E1A8EE02B2AF43C00142756 /* SettingsViewController.swift */; };
		9E1A8EEB2B2B1C7D00142756 /* Localization.swift in Sources */ = {isa = PBXBuildFile; fileRef = 9E1A8EEA2B2B1C7D00142756 /* Localization.swift */; };
		9E1A8EF02B2B4A2800142756 /* Realm in Frameworks */ = {isa = PBXBuildFile; productRef = 9E1A8EEF2B2B4A2800142756 /* Realm */; };
		9E1A8EF22B2B4A2800142756 /* RealmSwift in Frameworks */ = {isa = PBXBuildFile; productRef = 9E1A8EF12B2B4A2800142756 /* RealmSwift */; };
		9E1A8EF62B2B4B2400142756 /* ConnectionManager.swift in Sources */ = {isa = PBXBuildFile; fileRef = 9E1A8EF52B2B4B2400142756 /* ConnectionManager.swift */; };
		9E36D4AD2B2B917E0009AEF0 /* SettingsTableViewCell.swift in Sources */ = {isa = PBXBuildFile; fileRef = 9E36D4AC2B2B917E0009AEF0 /* SettingsTableViewCell.swift */; };
		9E36D4AF2B2C36900009AEF0 /* RealmModel.swift in Sources */ = {isa = PBXBuildFile; fileRef = 9E36D4AE2B2C368F0009AEF0 /* RealmModel.swift */; };
		9E3914782B2867EE009891C5 /* WeatherModel.swift in Sources */ = {isa = PBXBuildFile; fileRef = 9E3914772B2867EE009891C5 /* WeatherModel.swift */; };
		9E61DFB32B29BE79002587B5 /* Constants.swift in Sources */ = {isa = PBXBuildFile; fileRef = 9E61DFB22B29BE79002587B5 /* Constants.swift */; };
		9E61DFB52B29BFBF002587B5 /* EndPoint.swift in Sources */ = {isa = PBXBuildFile; fileRef = 9E61DFB42B29BFBF002587B5 /* EndPoint.swift */; };
		9E61DFB82B2A0EF1002587B5 /* Localizable.strings in Resources */ = {isa = PBXBuildFile; fileRef = 9E61DFBA2B2A0EF1002587B5 /* Localizable.strings */; };
		9EB732B52B231BDC007C7EC1 /* AppDelegate.swift in Sources */ = {isa = PBXBuildFile; fileRef = 9EB732B42B231BDC007C7EC1 /* AppDelegate.swift */; };
		9EB732B72B231BDC007C7EC1 /* SceneDelegate.swift in Sources */ = {isa = PBXBuildFile; fileRef = 9EB732B62B231BDC007C7EC1 /* SceneDelegate.swift */; };
		9EB732B92B231BDC007C7EC1 /* WeatherViewController.swift in Sources */ = {isa = PBXBuildFile; fileRef = 9EB732B82B231BDC007C7EC1 /* WeatherViewController.swift */; };
		9EB732BE2B231BDE007C7EC1 /* Assets.xcassets in Resources */ = {isa = PBXBuildFile; fileRef = 9EB732BD2B231BDE007C7EC1 /* Assets.xcassets */; };
		9EB732C12B231BDE007C7EC1 /* LaunchScreen.storyboard in Resources */ = {isa = PBXBuildFile; fileRef = 9EB732BF2B231BDE007C7EC1 /* LaunchScreen.storyboard */; };
		9EB732CD2B23234C007C7EC1 /* SearchViewController.swift in Sources */ = {isa = PBXBuildFile; fileRef = 9EB732CC2B23234C007C7EC1 /* SearchViewController.swift */; };
		9EB732CF2B2323A8007C7EC1 /* TabBarViewController.swift in Sources */ = {isa = PBXBuildFile; fileRef = 9EB732CE2B2323A8007C7EC1 /* TabBarViewController.swift */; };
		9EB732D22B232A58007C7EC1 /* CoreLocationManager.swift in Sources */ = {isa = PBXBuildFile; fileRef = 9EB732D12B232A58007C7EC1 /* CoreLocationManager.swift */; };
		9EB732D42B2334B6007C7EC1 /* CurrentWeatherSection.swift in Sources */ = {isa = PBXBuildFile; fileRef = 9EB732D32B2334B6007C7EC1 /* CurrentWeatherSection.swift */; };
		9EB732D72B2337BF007C7EC1 /* CurrentWeatherCollectionViewCell.swift in Sources */ = {isa = PBXBuildFile; fileRef = 9EB732D62B2337BF007C7EC1 /* CurrentWeatherCollectionViewCell.swift */; };
		9EB732D92B233839007C7EC1 /* HourlyWeatherCollectionViewCell.swift in Sources */ = {isa = PBXBuildFile; fileRef = 9EB732D82B233839007C7EC1 /* HourlyWeatherCollectionViewCell.swift */; };
		9EB732DB2B233846007C7EC1 /* DailyWeatherCollectionViewCell.swift in Sources */ = {isa = PBXBuildFile; fileRef = 9EB732DA2B233846007C7EC1 /* DailyWeatherCollectionViewCell.swift */; };
		9EB732DD2B235759007C7EC1 /* WeatherViewModel.swift in Sources */ = {isa = PBXBuildFile; fileRef = 9EB732DC2B235758007C7EC1 /* WeatherViewModel.swift */; };
		9EB732DF2B2357C6007C7EC1 /* CurrentWeatherCollectionViewCellViewModel.swift in Sources */ = {isa = PBXBuildFile; fileRef = 9EB732DE2B2357C6007C7EC1 /* CurrentWeatherCollectionViewCellViewModel.swift */; };
		9EB732E12B23582B007C7EC1 /* HourlyWeatherCollectionViewCellViewModel.swift in Sources */ = {isa = PBXBuildFile; fileRef = 9EB732E02B23582B007C7EC1 /* HourlyWeatherCollectionViewCellViewModel.swift */; };
		9EB732E32B235907007C7EC1 /* DailyWeatherCollectionViewCellViewModel.swift in Sources */ = {isa = PBXBuildFile; fileRef = 9EB732E22B235907007C7EC1 /* DailyWeatherCollectionViewCellViewModel.swift */; };
		9EE808712B25CC3800EF3C21 /* ForecastModel.swift in Sources */ = {isa = PBXBuildFile; fileRef = 9EE808702B25CC3800EF3C21 /* ForecastModel.swift */; };
		9EE808732B25CD7E00EF3C21 /* NetworkManager.swift in Sources */ = {isa = PBXBuildFile; fileRef = 9EE808722B25CD7E00EF3C21 /* NetworkManager.swift */; };
/* End PBXBuildFile section */

/* Begin PBXFileReference section */
		9E1A8EE02B2AF43C00142756 /* SettingsViewController.swift */ = {isa = PBXFileReference; lastKnownFileType = sourcecode.swift; path = SettingsViewController.swift; sourceTree = "<group>"; };
		9E1A8EEA2B2B1C7D00142756 /* Localization.swift */ = {isa = PBXFileReference; lastKnownFileType = sourcecode.swift; path = Localization.swift; sourceTree = "<group>"; };
		9E1A8EF52B2B4B2400142756 /* ConnectionManager.swift */ = {isa = PBXFileReference; lastKnownFileType = sourcecode.swift; path = ConnectionManager.swift; sourceTree = "<group>"; };
		9E36D4AC2B2B917E0009AEF0 /* SettingsTableViewCell.swift */ = {isa = PBXFileReference; lastKnownFileType = sourcecode.swift; path = SettingsTableViewCell.swift; sourceTree = "<group>"; };
		9E36D4AE2B2C368F0009AEF0 /* RealmModel.swift */ = {isa = PBXFileReference; lastKnownFileType = sourcecode.swift; path = RealmModel.swift; sourceTree = "<group>"; };
		9E3914772B2867EE009891C5 /* WeatherModel.swift */ = {isa = PBXFileReference; lastKnownFileType = sourcecode.swift; path = WeatherModel.swift; sourceTree = "<group>"; };
		9E61DFB22B29BE79002587B5 /* Constants.swift */ = {isa = PBXFileReference; lastKnownFileType = sourcecode.swift; path = Constants.swift; sourceTree = "<group>"; };
		9E61DFB42B29BFBF002587B5 /* EndPoint.swift */ = {isa = PBXFileReference; lastKnownFileType = sourcecode.swift; path = EndPoint.swift; sourceTree = "<group>"; };
		9E61DFB92B2A0EF1002587B5 /* en */ = {isa = PBXFileReference; lastKnownFileType = text.plist.strings; name = en; path = en.lproj/Localizable.strings; sourceTree = "<group>"; };
		9E61DFBB2B2A0F52002587B5 /* ru */ = {isa = PBXFileReference; lastKnownFileType = text.plist.strings; name = ru; path = ru.lproj/Localizable.strings; sourceTree = "<group>"; };
		9EB732B12B231BDC007C7EC1 /* WeatherApp.app */ = {isa = PBXFileReference; explicitFileType = wrapper.application; includeInIndex = 0; path = WeatherApp.app; sourceTree = BUILT_PRODUCTS_DIR; };
		9EB732B42B231BDC007C7EC1 /* AppDelegate.swift */ = {isa = PBXFileReference; lastKnownFileType = sourcecode.swift; path = AppDelegate.swift; sourceTree = "<group>"; };
		9EB732B62B231BDC007C7EC1 /* SceneDelegate.swift */ = {isa = PBXFileReference; lastKnownFileType = sourcecode.swift; path = SceneDelegate.swift; sourceTree = "<group>"; };
		9EB732B82B231BDC007C7EC1 /* WeatherViewController.swift */ = {isa = PBXFileReference; lastKnownFileType = sourcecode.swift; path = WeatherViewController.swift; sourceTree = "<group>"; };
		9EB732BD2B231BDE007C7EC1 /* Assets.xcassets */ = {isa = PBXFileReference; lastKnownFileType = folder.assetcatalog; path = Assets.xcassets; sourceTree = "<group>"; };
		9EB732C02B231BDE007C7EC1 /* Base */ = {isa = PBXFileReference; lastKnownFileType = file.storyboard; name = Base; path = Base.lproj/LaunchScreen.storyboard; sourceTree = "<group>"; };
		9EB732C22B231BDE007C7EC1 /* Info.plist */ = {isa = PBXFileReference; lastKnownFileType = text.plist.xml; path = Info.plist; sourceTree = "<group>"; };
		9EB732CC2B23234C007C7EC1 /* SearchViewController.swift */ = {isa = PBXFileReference; lastKnownFileType = sourcecode.swift; path = SearchViewController.swift; sourceTree = "<group>"; };
		9EB732CE2B2323A8007C7EC1 /* TabBarViewController.swift */ = {isa = PBXFileReference; lastKnownFileType = sourcecode.swift; path = TabBarViewController.swift; sourceTree = "<group>"; };
		9EB732D12B232A58007C7EC1 /* CoreLocationManager.swift */ = {isa = PBXFileReference; lastKnownFileType = sourcecode.swift; path = CoreLocationManager.swift; sourceTree = "<group>"; };
		9EB732D32B2334B6007C7EC1 /* CurrentWeatherSection.swift */ = {isa = PBXFileReference; lastKnownFileType = sourcecode.swift; path = CurrentWeatherSection.swift; sourceTree = "<group>"; };
		9EB732D62B2337BF007C7EC1 /* CurrentWeatherCollectionViewCell.swift */ = {isa = PBXFileReference; lastKnownFileType = sourcecode.swift; path = CurrentWeatherCollectionViewCell.swift; sourceTree = "<group>"; };
		9EB732D82B233839007C7EC1 /* HourlyWeatherCollectionViewCell.swift */ = {isa = PBXFileReference; lastKnownFileType = sourcecode.swift; path = HourlyWeatherCollectionViewCell.swift; sourceTree = "<group>"; };
		9EB732DA2B233846007C7EC1 /* DailyWeatherCollectionViewCell.swift */ = {isa = PBXFileReference; lastKnownFileType = sourcecode.swift; path = DailyWeatherCollectionViewCell.swift; sourceTree = "<group>"; };
		9EB732DC2B235758007C7EC1 /* WeatherViewModel.swift */ = {isa = PBXFileReference; lastKnownFileType = sourcecode.swift; path = WeatherViewModel.swift; sourceTree = "<group>"; };
		9EB732DE2B2357C6007C7EC1 /* CurrentWeatherCollectionViewCellViewModel.swift */ = {isa = PBXFileReference; lastKnownFileType = sourcecode.swift; path = CurrentWeatherCollectionViewCellViewModel.swift; sourceTree = "<group>"; };
		9EB732E02B23582B007C7EC1 /* HourlyWeatherCollectionViewCellViewModel.swift */ = {isa = PBXFileReference; lastKnownFileType = sourcecode.swift; path = HourlyWeatherCollectionViewCellViewModel.swift; sourceTree = "<group>"; };
		9EB732E22B235907007C7EC1 /* DailyWeatherCollectionViewCellViewModel.swift */ = {isa = PBXFileReference; lastKnownFileType = sourcecode.swift; path = DailyWeatherCollectionViewCellViewModel.swift; sourceTree = "<group>"; };
		9EE808702B25CC3800EF3C21 /* ForecastModel.swift */ = {isa = PBXFileReference; lastKnownFileType = sourcecode.swift; path = ForecastModel.swift; sourceTree = "<group>"; };
		9EE808722B25CD7E00EF3C21 /* NetworkManager.swift */ = {isa = PBXFileReference; lastKnownFileType = sourcecode.swift; path = NetworkManager.swift; sourceTree = "<group>"; };
/* End PBXFileReference section */

/* Begin PBXFrameworksBuildPhase section */
		9EB732AE2B231BDC007C7EC1 /* Frameworks */ = {
			isa = PBXFrameworksBuildPhase;
			buildActionMask = 2147483647;
			files = (
				9E1A8EF22B2B4A2800142756 /* RealmSwift in Frameworks */,
				9E1A8EF02B2B4A2800142756 /* Realm in Frameworks */,
			);
			runOnlyForDeploymentPostprocessing = 0;
		};
/* End PBXFrameworksBuildPhase section */

/* Begin PBXGroup section */
		9E1A8EE92B2B1C6A00142756 /* Localization */ = {
			isa = PBXGroup;
			children = (
				9E61DFBA2B2A0EF1002587B5 /* Localizable.strings */,
				9E1A8EEA2B2B1C7D00142756 /* Localization.swift */,
			);
			path = Localization;
			sourceTree = "<group>";
		};
		9E1A8EF32B2B4A3600142756 /* Controllers */ = {
			isa = PBXGroup;
			children = (
				9EB732B82B231BDC007C7EC1 /* WeatherViewController.swift */,
				9EB732CC2B23234C007C7EC1 /* SearchViewController.swift */,
				9E1A8EE02B2AF43C00142756 /* SettingsViewController.swift */,
				9EB732CE2B2323A8007C7EC1 /* TabBarViewController.swift */,
			);
			path = Controllers;
			sourceTree = "<group>";
		};
		9EB732A82B231BDB007C7EC1 = {
			isa = PBXGroup;
			children = (
				9EB732B32B231BDC007C7EC1 /* WeatherApp */,
				9EB732B22B231BDC007C7EC1 /* Products */,
			);
			sourceTree = "<group>";
		};
		9EB732B22B231BDC007C7EC1 /* Products */ = {
			isa = PBXGroup;
			children = (
				9EB732B12B231BDC007C7EC1 /* WeatherApp.app */,
			);
			name = Products;
			sourceTree = "<group>";
		};
		9EB732B32B231BDC007C7EC1 /* WeatherApp */ = {
			isa = PBXGroup;
			children = (
				9EB732D02B232A3C007C7EC1 /* Managers */,
				9EB732CA2B2321C0007C7EC1 /* Models */,
				9EB732C92B2321AE007C7EC1 /* ViewModels */,
				9EB732C82B2321A6007C7EC1 /* Views */,
				9EB732CB2B2321DA007C7EC1 /* SupportFiles */,
				9E1A8EE92B2B1C6A00142756 /* Localization */,
			);
			path = WeatherApp;
			sourceTree = "<group>";
		};
		9EB732C82B2321A6007C7EC1 /* Views */ = {
			isa = PBXGroup;
			children = (
				9EB732D52B23370E007C7EC1 /* Cells */,
				9E1A8EF32B2B4A3600142756 /* Controllers */,
			);
			path = Views;
			sourceTree = "<group>";
		};
		9EB732C92B2321AE007C7EC1 /* ViewModels */ = {
			isa = PBXGroup;
			children = (
				9EB732D32B2334B6007C7EC1 /* CurrentWeatherSection.swift */,
				9EB732DC2B235758007C7EC1 /* WeatherViewModel.swift */,
				9EB732DE2B2357C6007C7EC1 /* CurrentWeatherCollectionViewCellViewModel.swift */,
				9EB732E02B23582B007C7EC1 /* HourlyWeatherCollectionViewCellViewModel.swift */,
				9EB732E22B235907007C7EC1 /* DailyWeatherCollectionViewCellViewModel.swift */,
			);
			path = ViewModels;
			sourceTree = "<group>";
		};
		9EB732CA2B2321C0007C7EC1 /* Models */ = {
			isa = PBXGroup;
			children = (
				9E61DFB42B29BFBF002587B5 /* EndPoint.swift */,
				9EE808702B25CC3800EF3C21 /* ForecastModel.swift */,
				9E3914772B2867EE009891C5 /* WeatherModel.swift */,
				9E36D4AE2B2C368F0009AEF0 /* RealmModel.swift */,
			);
			path = Models;
			sourceTree = "<group>";
		};
		9EB732CB2B2321DA007C7EC1 /* SupportFiles */ = {
			isa = PBXGroup;
			children = (
				9EB732B42B231BDC007C7EC1 /* AppDelegate.swift */,
				9EB732B62B231BDC007C7EC1 /* SceneDelegate.swift */,
				9EB732BF2B231BDE007C7EC1 /* LaunchScreen.storyboard */,
				9EB732BD2B231BDE007C7EC1 /* Assets.xcassets */,
				9EB732C22B231BDE007C7EC1 /* Info.plist */,
				9E61DFB22B29BE79002587B5 /* Constants.swift */,
			);
			path = SupportFiles;
			sourceTree = "<group>";
		};
		9EB732D02B232A3C007C7EC1 /* Managers */ = {
			isa = PBXGroup;
			children = (
				9EB732D12B232A58007C7EC1 /* CoreLocationManager.swift */,
				9EE808722B25CD7E00EF3C21 /* NetworkManager.swift */,
				9E1A8EF52B2B4B2400142756 /* ConnectionManager.swift */,
			);
			path = Managers;
			sourceTree = "<group>";
		};
		9EB732D52B23370E007C7EC1 /* Cells */ = {
			isa = PBXGroup;
			children = (
				9EB732D62B2337BF007C7EC1 /* CurrentWeatherCollectionViewCell.swift */,
				9EB732D82B233839007C7EC1 /* HourlyWeatherCollectionViewCell.swift */,
				9EB732DA2B233846007C7EC1 /* DailyWeatherCollectionViewCell.swift */,
				9E36D4AC2B2B917E0009AEF0 /* SettingsTableViewCell.swift */,
			);
			path = Cells;
			sourceTree = "<group>";
		};
/* End PBXGroup section */

/* Begin PBXNativeTarget section */
		9EB732B02B231BDC007C7EC1 /* WeatherApp */ = {
			isa = PBXNativeTarget;
			buildConfigurationList = 9EB732C52B231BDE007C7EC1 /* Build configuration list for PBXNativeTarget "WeatherApp" */;
			buildPhases = (
				9EB732AD2B231BDC007C7EC1 /* Sources */,
				9EB732AE2B231BDC007C7EC1 /* Frameworks */,
				9EB732AF2B231BDC007C7EC1 /* Resources */,
			);
			buildRules = (
			);
			dependencies = (
			);
			name = WeatherApp;
			packageProductDependencies = (
				9E1A8EEF2B2B4A2800142756 /* Realm */,
				9E1A8EF12B2B4A2800142756 /* RealmSwift */,
			);
			productName = WeatherApp;
			productReference = 9EB732B12B231BDC007C7EC1 /* WeatherApp.app */;
			productType = "com.apple.product-type.application";
		};
/* End PBXNativeTarget section */

/* Begin PBXProject section */
		9EB732A92B231BDB007C7EC1 /* Project object */ = {
			isa = PBXProject;
			attributes = {
				BuildIndependentTargetsInParallel = 1;
				LastSwiftUpdateCheck = 1500;
				LastUpgradeCheck = 1500;
				TargetAttributes = {
					9EB732B02B231BDC007C7EC1 = {
						CreatedOnToolsVersion = 15.0.1;
					};
				};
			};
			buildConfigurationList = 9EB732AC2B231BDB007C7EC1 /* Build configuration list for PBXProject "WeatherApp" */;
			compatibilityVersion = "Xcode 14.0";
			developmentRegion = en;
			hasScannedForEncodings = 0;
			knownRegions = (
				en,
				Base,
				ru,
			);
			mainGroup = 9EB732A82B231BDB007C7EC1;
			packageReferences = (
				9E1A8EEE2B2B4A2800142756 /* XCRemoteSwiftPackageReference "realm-swift" */,
			);
			productRefGroup = 9EB732B22B231BDC007C7EC1 /* Products */;
			projectDirPath = "";
			projectRoot = "";
			targets = (
				9EB732B02B231BDC007C7EC1 /* WeatherApp */,
			);
		};
/* End PBXProject section */

/* Begin PBXResourcesBuildPhase section */
		9EB732AF2B231BDC007C7EC1 /* Resources */ = {
			isa = PBXResourcesBuildPhase;
			buildActionMask = 2147483647;
			files = (
				9EB732C12B231BDE007C7EC1 /* LaunchScreen.storyboard in Resources */,
				9E61DFB82B2A0EF1002587B5 /* Localizable.strings in Resources */,
				9EB732BE2B231BDE007C7EC1 /* Assets.xcassets in Resources */,
			);
			runOnlyForDeploymentPostprocessing = 0;
		};
/* End PBXResourcesBuildPhase section */

/* Begin PBXSourcesBuildPhase section */
		9EB732AD2B231BDC007C7EC1 /* Sources */ = {
			isa = PBXSourcesBuildPhase;
			buildActionMask = 2147483647;
			files = (
				9EB732DF2B2357C6007C7EC1 /* CurrentWeatherCollectionViewCellViewModel.swift in Sources */,
				9E3914782B2867EE009891C5 /* WeatherModel.swift in Sources */,
				9EB732D92B233839007C7EC1 /* HourlyWeatherCollectionViewCell.swift in Sources */,
				9E1A8EE12B2AF43C00142756 /* SettingsViewController.swift in Sources */,
				9EB732B92B231BDC007C7EC1 /* WeatherViewController.swift in Sources */,
				9EB732B52B231BDC007C7EC1 /* AppDelegate.swift in Sources */,
				9EE808732B25CD7E00EF3C21 /* NetworkManager.swift in Sources */,
				9EE808712B25CC3800EF3C21 /* ForecastModel.swift in Sources */,
				9EB732E32B235907007C7EC1 /* DailyWeatherCollectionViewCellViewModel.swift in Sources */,
				9E1A8EF62B2B4B2400142756 /* ConnectionManager.swift in Sources */,
				9EB732DB2B233846007C7EC1 /* DailyWeatherCollectionViewCell.swift in Sources */,
				9EB732D42B2334B6007C7EC1 /* CurrentWeatherSection.swift in Sources */,
				9E1A8EEB2B2B1C7D00142756 /* Localization.swift in Sources */,
				9E36D4AF2B2C36900009AEF0 /* RealmModel.swift in Sources */,
				9EB732D72B2337BF007C7EC1 /* CurrentWeatherCollectionViewCell.swift in Sources */,
				9E61DFB52B29BFBF002587B5 /* EndPoint.swift in Sources */,
				9E61DFB32B29BE79002587B5 /* Constants.swift in Sources */,
				9EB732CD2B23234C007C7EC1 /* SearchViewController.swift in Sources */,
				9EB732CF2B2323A8007C7EC1 /* TabBarViewController.swift in Sources */,
				9EB732B72B231BDC007C7EC1 /* SceneDelegate.swift in Sources */,
				9EB732D22B232A58007C7EC1 /* CoreLocationManager.swift in Sources */,
				9E36D4AD2B2B917E0009AEF0 /* SettingsTableViewCell.swift in Sources */,
				9EB732DD2B235759007C7EC1 /* WeatherViewModel.swift in Sources */,
				9EB732E12B23582B007C7EC1 /* HourlyWeatherCollectionViewCellViewModel.swift in Sources */,
			);
			runOnlyForDeploymentPostprocessing = 0;
		};
/* End PBXSourcesBuildPhase section */

/* Begin PBXVariantGroup section */
		9E61DFBA2B2A0EF1002587B5 /* Localizable.strings */ = {
			isa = PBXVariantGroup;
			children = (
				9E61DFB92B2A0EF1002587B5 /* en */,
				9E61DFBB2B2A0F52002587B5 /* ru */,
			);
			name = Localizable.strings;
			sourceTree = "<group>";
		};
		9EB732BF2B231BDE007C7EC1 /* LaunchScreen.storyboard */ = {
			isa = PBXVariantGroup;
			children = (
				9EB732C02B231BDE007C7EC1 /* Base */,
			);
			name = LaunchScreen.storyboard;
			sourceTree = "<group>";
		};
/* End PBXVariantGroup section */

/* Begin XCBuildConfiguration section */
		9EB732C32B231BDE007C7EC1 /* Debug */ = {
			isa = XCBuildConfiguration;
			buildSettings = {
				ALWAYS_SEARCH_USER_PATHS = NO;
				ASSETCATALOG_COMPILER_GENERATE_SWIFT_ASSET_SYMBOL_EXTENSIONS = YES;
				CLANG_ANALYZER_LOCALIZABILITY_NONLOCALIZED = YES;
				CLANG_ANALYZER_NONNULL = YES;
				CLANG_ANALYZER_NUMBER_OBJECT_CONVERSION = YES_AGGRESSIVE;
				CLANG_CXX_LANGUAGE_STANDARD = "gnu++20";
				CLANG_ENABLE_MODULES = YES;
				CLANG_ENABLE_OBJC_ARC = YES;
				CLANG_ENABLE_OBJC_WEAK = YES;
				CLANG_WARN_BLOCK_CAPTURE_AUTORELEASING = YES;
				CLANG_WARN_BOOL_CONVERSION = YES;
				CLANG_WARN_COMMA = YES;
				CLANG_WARN_CONSTANT_CONVERSION = YES;
				CLANG_WARN_DEPRECATED_OBJC_IMPLEMENTATIONS = YES;
				CLANG_WARN_DIRECT_OBJC_ISA_USAGE = YES_ERROR;
				CLANG_WARN_DOCUMENTATION_COMMENTS = YES;
				CLANG_WARN_EMPTY_BODY = YES;
				CLANG_WARN_ENUM_CONVERSION = YES;
				CLANG_WARN_INFINITE_RECURSION = YES;
				CLANG_WARN_INT_CONVERSION = YES;
				CLANG_WARN_NON_LITERAL_NULL_CONVERSION = YES;
				CLANG_WARN_OBJC_IMPLICIT_RETAIN_SELF = YES;
				CLANG_WARN_OBJC_LITERAL_CONVERSION = YES;
				CLANG_WARN_OBJC_ROOT_CLASS = YES_ERROR;
				CLANG_WARN_QUOTED_INCLUDE_IN_FRAMEWORK_HEADER = YES;
				CLANG_WARN_RANGE_LOOP_ANALYSIS = YES;
				CLANG_WARN_STRICT_PROTOTYPES = YES;
				CLANG_WARN_SUSPICIOUS_MOVE = YES;
				CLANG_WARN_UNGUARDED_AVAILABILITY = YES_AGGRESSIVE;
				CLANG_WARN_UNREACHABLE_CODE = YES;
				CLANG_WARN__DUPLICATE_METHOD_MATCH = YES;
				COPY_PHASE_STRIP = NO;
				DEBUG_INFORMATION_FORMAT = dwarf;
				ENABLE_STRICT_OBJC_MSGSEND = YES;
				ENABLE_TESTABILITY = YES;
				ENABLE_USER_SCRIPT_SANDBOXING = YES;
				GCC_C_LANGUAGE_STANDARD = gnu17;
				GCC_DYNAMIC_NO_PIC = NO;
				GCC_NO_COMMON_BLOCKS = YES;
				GCC_OPTIMIZATION_LEVEL = 0;
				GCC_PREPROCESSOR_DEFINITIONS = (
					"DEBUG=1",
					"$(inherited)",
				);
				GCC_WARN_64_TO_32_BIT_CONVERSION = YES;
				GCC_WARN_ABOUT_RETURN_TYPE = YES_ERROR;
				GCC_WARN_UNDECLARED_SELECTOR = YES;
				GCC_WARN_UNINITIALIZED_AUTOS = YES_AGGRESSIVE;
				GCC_WARN_UNUSED_FUNCTION = YES;
				GCC_WARN_UNUSED_VARIABLE = YES;
				IPHONEOS_DEPLOYMENT_TARGET = 17.0;
				LOCALIZATION_PREFERS_STRING_CATALOGS = YES;
				MTL_ENABLE_DEBUG_INFO = INCLUDE_SOURCE;
				MTL_FAST_MATH = YES;
				ONLY_ACTIVE_ARCH = YES;
				SDKROOT = iphoneos;
				SWIFT_ACTIVE_COMPILATION_CONDITIONS = "DEBUG $(inherited)";
				SWIFT_OPTIMIZATION_LEVEL = "-Onone";
			};
			name = Debug;
		};
		9EB732C42B231BDE007C7EC1 /* Release */ = {
			isa = XCBuildConfiguration;
			buildSettings = {
				ALWAYS_SEARCH_USER_PATHS = NO;
				ASSETCATALOG_COMPILER_GENERATE_SWIFT_ASSET_SYMBOL_EXTENSIONS = YES;
				CLANG_ANALYZER_LOCALIZABILITY_NONLOCALIZED = YES;
				CLANG_ANALYZER_NONNULL = YES;
				CLANG_ANALYZER_NUMBER_OBJECT_CONVERSION = YES_AGGRESSIVE;
				CLANG_CXX_LANGUAGE_STANDARD = "gnu++20";
				CLANG_ENABLE_MODULES = YES;
				CLANG_ENABLE_OBJC_ARC = YES;
				CLANG_ENABLE_OBJC_WEAK = YES;
				CLANG_WARN_BLOCK_CAPTURE_AUTORELEASING = YES;
				CLANG_WARN_BOOL_CONVERSION = YES;
				CLANG_WARN_COMMA = YES;
				CLANG_WARN_CONSTANT_CONVERSION = YES;
				CLANG_WARN_DEPRECATED_OBJC_IMPLEMENTATIONS = YES;
				CLANG_WARN_DIRECT_OBJC_ISA_USAGE = YES_ERROR;
				CLANG_WARN_DOCUMENTATION_COMMENTS = YES;
				CLANG_WARN_EMPTY_BODY = YES;
				CLANG_WARN_ENUM_CONVERSION = YES;
				CLANG_WARN_INFINITE_RECURSION = YES;
				CLANG_WARN_INT_CONVERSION = YES;
				CLANG_WARN_NON_LITERAL_NULL_CONVERSION = YES;
				CLANG_WARN_OBJC_IMPLICIT_RETAIN_SELF = YES;
				CLANG_WARN_OBJC_LITERAL_CONVERSION = YES;
				CLANG_WARN_OBJC_ROOT_CLASS = YES_ERROR;
				CLANG_WARN_QUOTED_INCLUDE_IN_FRAMEWORK_HEADER = YES;
				CLANG_WARN_RANGE_LOOP_ANALYSIS = YES;
				CLANG_WARN_STRICT_PROTOTYPES = YES;
				CLANG_WARN_SUSPICIOUS_MOVE = YES;
				CLANG_WARN_UNGUARDED_AVAILABILITY = YES_AGGRESSIVE;
				CLANG_WARN_UNREACHABLE_CODE = YES;
				CLANG_WARN__DUPLICATE_METHOD_MATCH = YES;
				COPY_PHASE_STRIP = NO;
				DEBUG_INFORMATION_FORMAT = "dwarf-with-dsym";
				ENABLE_NS_ASSERTIONS = NO;
				ENABLE_STRICT_OBJC_MSGSEND = YES;
				ENABLE_USER_SCRIPT_SANDBOXING = YES;
				GCC_C_LANGUAGE_STANDARD = gnu17;
				GCC_NO_COMMON_BLOCKS = YES;
				GCC_WARN_64_TO_32_BIT_CONVERSION = YES;
				GCC_WARN_ABOUT_RETURN_TYPE = YES_ERROR;
				GCC_WARN_UNDECLARED_SELECTOR = YES;
				GCC_WARN_UNINITIALIZED_AUTOS = YES_AGGRESSIVE;
				GCC_WARN_UNUSED_FUNCTION = YES;
				GCC_WARN_UNUSED_VARIABLE = YES;
				IPHONEOS_DEPLOYMENT_TARGET = 17.0;
				LOCALIZATION_PREFERS_STRING_CATALOGS = YES;
				MTL_ENABLE_DEBUG_INFO = NO;
				MTL_FAST_MATH = YES;
				SDKROOT = iphoneos;
				SWIFT_COMPILATION_MODE = wholemodule;
				VALIDATE_PRODUCT = YES;
			};
			name = Release;
		};
		9EB732C62B231BDE007C7EC1 /* Debug */ = {
			isa = XCBuildConfiguration;
			buildSettings = {
				ASSETCATALOG_COMPILER_APPICON_NAME = AppIcon;
				ASSETCATALOG_COMPILER_GLOBAL_ACCENT_COLOR_NAME = AccentColor;
				CODE_SIGN_STYLE = Automatic;
				CURRENT_PROJECT_VERSION = 1;
				DEVELOPMENT_TEAM = 9S7L4X8YJ8;
				GENERATE_INFOPLIST_FILE = YES;
				INFOPLIST_FILE = WeatherApp/SupportFiles/Info.plist;
				INFOPLIST_KEY_UIApplicationSupportsIndirectInputEvents = YES;
				INFOPLIST_KEY_UILaunchStoryboardName = LaunchScreen;
				INFOPLIST_KEY_UISupportedInterfaceOrientations_iPad = "UIInterfaceOrientationPortrait UIInterfaceOrientationPortraitUpsideDown UIInterfaceOrientationLandscapeLeft UIInterfaceOrientationLandscapeRight";
				INFOPLIST_KEY_UISupportedInterfaceOrientations_iPhone = "UIInterfaceOrientationPortrait UIInterfaceOrientationLandscapeLeft UIInterfaceOrientationLandscapeRight";
				LD_RUNPATH_SEARCH_PATHS = (
					"$(inherited)",
					"@executable_path/Frameworks",
				);
				MARKETING_VERSION = 1.0;
				PRODUCT_BUNDLE_IDENTIFIER = com.WeatherApp;
				PRODUCT_NAME = "$(TARGET_NAME)";
				SWIFT_EMIT_LOC_STRINGS = YES;
				SWIFT_VERSION = 5.0;
				TARGETED_DEVICE_FAMILY = "1,2";
			};
			name = Debug;
		};
		9EB732C72B231BDE007C7EC1 /* Release */ = {
			isa = XCBuildConfiguration;
			buildSettings = {
				ASSETCATALOG_COMPILER_APPICON_NAME = AppIcon;
				ASSETCATALOG_COMPILER_GLOBAL_ACCENT_COLOR_NAME = AccentColor;
				CODE_SIGN_STYLE = Automatic;
				CURRENT_PROJECT_VERSION = 1;
				DEVELOPMENT_TEAM = 9S7L4X8YJ8;
				GENERATE_INFOPLIST_FILE = YES;
				INFOPLIST_FILE = WeatherApp/SupportFiles/Info.plist;
				INFOPLIST_KEY_UIApplicationSupportsIndirectInputEvents = YES;
				INFOPLIST_KEY_UILaunchStoryboardName = LaunchScreen;
				INFOPLIST_KEY_UISupportedInterfaceOrientations_iPad = "UIInterfaceOrientationPortrait UIInterfaceOrientationPortraitUpsideDown UIInterfaceOrientationLandscapeLeft UIInterfaceOrientationLandscapeRight";
				INFOPLIST_KEY_UISupportedInterfaceOrientations_iPhone = "UIInterfaceOrientationPortrait UIInterfaceOrientationLandscapeLeft UIInterfaceOrientationLandscapeRight";
				LD_RUNPATH_SEARCH_PATHS = (
					"$(inherited)",
					"@executable_path/Frameworks",
				);
				MARKETING_VERSION = 1.0;
				PRODUCT_BUNDLE_IDENTIFIER = com.WeatherApp;
				PRODUCT_NAME = "$(TARGET_NAME)";
				SWIFT_EMIT_LOC_STRINGS = YES;
				SWIFT_VERSION = 5.0;
				TARGETED_DEVICE_FAMILY = "1,2";
			};
			name = Release;
		};
/* End XCBuildConfiguration section */

/* Begin XCConfigurationList section */
		9EB732AC2B231BDB007C7EC1 /* Build configuration list for PBXProject "WeatherApp" */ = {
			isa = XCConfigurationList;
			buildConfigurations = (
				9EB732C32B231BDE007C7EC1 /* Debug */,
				9EB732C42B231BDE007C7EC1 /* Release */,
			);
			defaultConfigurationIsVisible = 0;
			defaultConfigurationName = Release;
		};
		9EB732C52B231BDE007C7EC1 /* Build configuration list for PBXNativeTarget "WeatherApp" */ = {
			isa = XCConfigurationList;
			buildConfigurations = (
				9EB732C62B231BDE007C7EC1 /* Debug */,
				9EB732C72B231BDE007C7EC1 /* Release */,
			);
			defaultConfigurationIsVisible = 0;
			defaultConfigurationName = Release;
		};
/* End XCConfigurationList section */

/* Begin XCRemoteSwiftPackageReference section */
		9E1A8EEE2B2B4A2800142756 /* XCRemoteSwiftPackageReference "realm-swift" */ = {
			isa = XCRemoteSwiftPackageReference;
			repositoryURL = "https://github.com/realm/realm-swift.git";
			requirement = {
				branch = master;
				kind = branch;
			};
		};
/* End XCRemoteSwiftPackageReference section */

/* Begin XCSwiftPackageProductDependency section */
		9E1A8EEF2B2B4A2800142756 /* Realm */ = {
			isa = XCSwiftPackageProductDependency;
			package = 9E1A8EEE2B2B4A2800142756 /* XCRemoteSwiftPackageReference "realm-swift" */;
			productName = Realm;
		};
		9E1A8EF12B2B4A2800142756 /* RealmSwift */ = {
			isa = XCSwiftPackageProductDependency;
			package = 9E1A8EEE2B2B4A2800142756 /* XCRemoteSwiftPackageReference "realm-swift" */;
			productName = RealmSwift;
		};
/* End XCSwiftPackageProductDependency section */
	};
	rootObject = 9EB732A92B231BDB007C7EC1 /* Project object */;
}
